
Microsoft Visual Studio Solution File, Format Version 12.00
# Visual Studio 15
VisualStudioVersion = 15.0.28307.1831
MinimumVisualStudioVersion = 10.0.40219.1
Project("{FAE04EC0-301F-11D3-BF4B-00C04F79EFBC}") = "ScannerWb", "ScannerWb\ScannerWb.csproj", "{363AE709-848C-4B1D-8FCE-0F1FA8BFB5F9}"
EndProject
Global
	GlobalSection(SolutionConfigurationPlatforms) = preSolution
		Debug|Any CPU = Debug|Any CPU
		Release|Any CPU = Release|Any CPU
	EndGlobalSection
	GlobalSection(ProjectConfigurationPlatforms) = postSolution
		{363AE709-848C-4B1D-8FCE-0F1FA8BFB5F9}.Debug|Any CPU.ActiveCfg = Debug|Any CPU
		{363AE709-848C-4B1D-8FCE-0F1FA8BFB5F9}.Debug|Any CPU.Build.0 = Debug|Any CPU
		{363AE709-848C-4B1D-8FCE-0F1FA8BFB5F9}.Release|Any CPU.ActiveCfg = Release|Any CPU
		{363AE709-848C-4B1D-8FCE-0F1FA8BFB5F9}.Release|Any CPU.Build.0 = Release|Any CPU
	EndGlobalSection
	GlobalSection(SolutionProperties) = preSolution
		HideSolutionNode = FALSE
	EndGlobalSection
	GlobalSection(ExtensibilityGlobals) = postSolution
		SolutionGuid = {5D593FE7-0646-4A65-9729-1A09CAEFCB74}
	EndGlobalSection
EndGlobal
